
Microsoft Visual Studio Solution File, Format Version 12.00
# Visual Studio Version 17
VisualStudioVersion = 17.0.31903.59
MinimumVisualStudioVersion = 10.0.40219.1
Project("{2150E333-8FDC-42A3-9474-1A3956D46DE8}") = "src", "src", "{827E0CD3-B72D-47B6-A68D-7590B98EB39B}"
EndProject
Project("{FAE04EC0-301F-11D3-BF4B-00C04F79EFBC}") = "Contoso.Domain", "src\Contoso.Domain\Contoso.Domain.csproj", "{066064F0-DD06-4361-BBDC-5690981ECD80}"
EndProject
Project("{FAE04EC0-301F-11D3-BF4B-00C04F79EFBC}") = "Contoso.Infrastructure", "src\Contoso.Infrastructure\Contoso.Infrastructure.csproj", "{A5127075-8AC4-4D6F-93AB-65AEFEC21933}"
EndProject
Project("{FAE04EC0-301F-11D3-BF4B-00C04F79EFBC}") = "Contoso.Application", "src\Contoso.Application\Contoso.Application.csproj", "{D78B1F27-DB2F-44F8-9224-09D58BFE4ADD}"
EndProject
Project("{FAE04EC0-301F-11D3-BF4B-00C04F79EFBC}") = "Contoso.Payments", "src\Contoso.Payments\Contoso.Payments.csproj", "{FBE4224C-6934-41B9-9E5C-E651BEAEE10C}"
EndProject
Project("{FAE04EC0-301F-11D3-BF4B-00C04F79EFBC}") = "Contoso.Catalog", "src\Contoso.Catalog\Contoso.Catalog.csproj", "{EA941789-EAEF-448B-8963-BC8D47E1CED6}"
EndProject
Project("{FAE04EC0-301F-11D3-BF4B-00C04F79EFBC}") = "Contoso.Api", "src\Contoso.Api\Contoso.Api.csproj", "{A07355D2-EBAD-4A46-ACB5-1DFB6DE566FC}"
EndProject
Project("{FAE04EC0-301F-11D3-BF4B-00C04F79EFBC}") = "LegacyReports", "src\LegacyReports\LegacyReports.csproj", "{5C2E8B1A-7D4F-4E3B-9A61-2F0B8C7D4E91}"
EndProject
Global
	GlobalSection(SolutionConfigurationPlatforms) = preSolution
		Debug|Any CPU = Debug|Any CPU
		Debug|x64 = Debug|x64
		Debug|x86 = Debug|x86
		Release|Any CPU = Release|Any CPU
		Release|x64 = Release|x64
		Release|x86 = Release|x86
	EndGlobalSection
	GlobalSection(ProjectConfigurationPlatforms) = postSolution
		{066064F0-DD06-4361-BBDC-5690981ECD80}.Debug|Any CPU.ActiveCfg = Debug|Any CPU
		{066064F0-DD06-4361-BBDC-5690981ECD80}.Debug|Any CPU.Build.0 = Debug|Any CPU
		{066064F0-DD06-4361-BBDC-5690981ECD80}.Debug|x64.ActiveCfg = Debug|Any CPU
		{066064F0-DD06-4361-BBDC-5690981ECD80}.Debug|x64.Build.0 = Debug|Any CPU
		{066064F0-DD06-4361-BBDC-5690981ECD80}.Debug|x86.ActiveCfg = Debug|Any CPU
		{066064F0-DD06-4361-BBDC-5690981ECD80}.Debug|x86.Build.0 = Debug|Any CPU
		{066064F0-DD06-4361-BBDC-5690981ECD80}.Release|Any CPU.ActiveCfg = Release|Any CPU
		{066064F0-DD06-4361-BBDC-5690981ECD80}.Release|Any CPU.Build.0 = Release|Any CPU
		{066064F0-DD06-4361-BBDC-5690981ECD80}.Release|x64.ActiveCfg = Release|Any CPU
		{066064F0-DD06-4361-BBDC-5690981ECD80}.Release|x64.Build.0 = Release|Any CPU
		{066064F0-DD06-4361-BBDC-5690981ECD80}.Release|x86.ActiveCfg = Release|Any CPU
		{066064F0-DD06-4361-BBDC-5690981ECD80}.Release|x86.Build.0 = Release|Any CPU
		{A5127075-8AC4-4D6F-93AB-65AEFEC21933}.Debug|Any CPU.ActiveCfg = Debug|Any CPU
		{A5127075-8AC4-4D6F-93AB-65AEFEC21933}.Debug|Any CPU.Build.0 = Debug|Any CPU
		{A5127075-8AC4-4D6F-93AB-65AEFEC21933}.Debug|x64.ActiveCfg = Debug|Any CPU
		{A5127075-8AC4-4D6F-93AB-65AEFEC21933}.Debug|x64.Build.0 = Debug|Any CPU
		{A5127075-8AC4-4D6F-93AB-65AEFEC21933}.Debug|x86.ActiveCfg = Debug|Any CPU
		{A5127075-8AC4-4D6F-93AB-65AEFEC21933}.Debug|x86.Build.0 = Debug|Any CPU
		{A5127075-8AC4-4D6F-93AB-65AEFEC21933}.Release|Any CPU.ActiveCfg = Release|Any CPU
		{A5127075-8AC4-4D6F-93AB-65AEFEC21933}.Release|Any CPU.Build.0 = Release|Any CPU
		{A5127075-8AC4-4D6F-93AB-65AEFEC21933}.Release|x64.ActiveCfg = Release|Any CPU
		{A5127075-8AC4-4D6F-93AB-65AEFEC21933}.Release|x64.Build.0 = Release|Any CPU
		{A5127075-8AC4-4D6F-93AB-65AEFEC21933}.Release|x86.ActiveCfg = Release|Any CPU
		{A5127075-8AC4-4D6F-93AB-65AEFEC21933}.Release|x86.Build.0 = Release|Any CPU
		{D78B1F27-DB2F-44F8-9224-09D58BFE4ADD}.Debug|Any CPU.ActiveCfg = Debug|Any CPU
		{D78B1F27-DB2F-44F8-9224-09D58BFE4ADD}.Debug|Any CPU.Build.0 = Debug|Any CPU
		{D78B1F27-DB2F-44F8-9224-09D58BFE4ADD}.Debug|x64.ActiveCfg = Debug|Any CPU
		{D78B1F27-DB2F-44F8-9224-09D58BFE4ADD}.Debug|x64.Build.0 = Debug|Any CPU
		{D78B1F27-DB2F-44F8-9224-09D58BFE4ADD}.Debug|x86.ActiveCfg = Debug|Any CPU
		{D78B1F27-DB2F-44F8-9224-09D58BFE4ADD}.Debug|x86.Build.0 = Debug|Any CPU
		{D78B1F27-DB2F-44F8-9224-09D58BFE4ADD}.Release|Any CPU.ActiveCfg = Release|Any CPU
		{D78B1F27-DB2F-44F8-9224-09D58BFE4ADD}.Release|Any CPU.Build.0 = Release|Any CPU
		{D78B1F27-DB2F-44F8-9224-09D58BFE4ADD}.Release|x64.ActiveCfg = Release|Any CPU
		{D78B1F27-DB2F-44F8-9224-09D58BFE4ADD}.Release|x64.Build.0 = Release|Any CPU
		{D78B1F27-DB2F-44F8-9224-09D58BFE4ADD}.Release|x86.ActiveCfg = Release|Any CPU
		{D78B1F27-DB2F-44F8-9224-09D58BFE4ADD}.Release|x86.Build.0 = Release|Any CPU
		{FBE4224C-6934-41B9-9E5C-E651BEAEE10C}.Debug|Any CPU.ActiveCfg = Debug|Any CPU
		{FBE4224C-6934-41B9-9E5C-E651BEAEE10C}.Debug|Any CPU.Build.0 = Debug|Any CPU
		{FBE4224C-6934-41B9-9E5C-E651BEAEE10C}.Debug|x64.ActiveCfg = Debug|Any CPU
		{FBE4224C-6934-41B9-9E5C-E651BEAEE10C}.Debug|x64.Build.0 = Debug|Any CPU
		{FBE4224C-6934-41B9-9E5C-E651BEAEE10C}.Debug|x86.ActiveCfg = Debug|Any CPU
		{FBE4224C-6934-41B9-9E5C-E651BEAEE10C}.Debug|x86.Build.0 = Debug|Any CPU
		{FBE4224C-6934-41B9-9E5C-E651BEAEE10C}.Release|Any CPU.ActiveCfg = Release|Any CPU
		{FBE4224C-6934-41B9-9E5C-E651BEAEE10C}.Release|Any CPU.Build.0 = Release|Any CPU
		{FBE4224C-6934-41B9-9E5C-E651BEAEE10C}.Release|x64.ActiveCfg = Release|Any CPU
		{FBE4224C-6934-41B9-9E5C-E651BEAEE10C}.Release|x64.Build.0 = Release|Any CPU
		{FBE4224C-6934-41B9-9E5C-E651BEAEE10C}.Release|x86.ActiveCfg = Release|Any CPU
		{FBE4224C-6934-41B9-9E5C-E651BEAEE10C}.Release|x86.Build.0 = Release|Any CPU
		{EA941789-EAEF-448B-8963-BC8D47E1CED6}.Debug|Any CPU.ActiveCfg = Debug|Any CPU
		{EA941789-EAEF-448B-8963-BC8D47E1CED6}.Debug|Any CPU.Build.0 = Debug|Any CPU
		{EA941789-EAEF-448B-8963-BC8D47E1CED6}.Debug|x64.ActiveCfg = Debug|Any CPU
		{EA941789-EAEF-448B-8963-BC8D47E1CED6}.Debug|x64.Build.0 = Debug|Any CPU
		{EA941789-EAEF-448B-8963-BC8D47E1CED6}.Debug|x86.ActiveCfg = Debug|Any CPU
		{EA941789-EAEF-448B-8963-BC8D47E1CED6}.Debug|x86.Build.0 = Debug|Any CPU
		{EA941789-EAEF-448B-8963-BC8D47E1CED6}.Release|Any CPU.ActiveCfg = Release|Any CPU
		{EA941789-EAEF-448B-8963-BC8D47E1CED6}.Release|Any CPU.Build.0 = Release|Any CPU
		{EA941789-EAEF-448B-8963-BC8D47E1CED6}.Release|x64.ActiveCfg = Release|Any CPU
		{EA941789-EAEF-448B-8963-BC8D47E1CED6}.Release|x64.Build.0 = Release|Any CPU
		{EA941789-EAEF-448B-8963-BC8D47E1CED6}.Release|x86.ActiveCfg = Release|Any CPU
		{EA941789-EAEF-448B-8963-BC8D47E1CED6}.Release|x86.Build.0 = Release|Any CPU
		{A07355D2-EBAD-4A46-ACB5-1DFB6DE566FC}.Debug|Any CPU.ActiveCfg = Debug|Any CPU
		{A07355D2-EBAD-4A46-ACB5-1DFB6DE566FC}.Debug|Any CPU.Build.0 = Debug|Any CPU
		{A07355D2-EBAD-4A46-ACB5-1DFB6DE566FC}.Debug|x64.ActiveCfg = Debug|Any CPU
		{A07355D2-EBAD-4A46-ACB5-1DFB6DE566FC}.Debug|x64.Build.0 = Debug|Any CPU
		{A07355D2-EBAD-4A46-ACB5-1DFB6DE566FC}.Debug|x86.ActiveCfg = Debug|Any CPU
		{A07355D2-EBAD-4A46-ACB5-1DFB6DE566FC}.Debug|x86.Build.0 = Debug|Any CPU
		{A07355D2-EBAD-4A46-ACB5-1DFB6DE566FC}.Release|Any CPU.ActiveCfg = Release|Any CPU
		{A07355D2-EBAD-4A46-ACB5-1DFB6DE566FC}.Release|Any CPU.Build.0 = Release|Any CPU
		{A07355D2-EBAD-4A46-ACB5-1DFB6DE566FC}.Release|x64.ActiveCfg = Release|Any CPU
		{A07355D2-EBAD-4A46-ACB5-1DFB6DE566FC}.Release|x64.Build.0 = Release|Any CPU
		{A07355D2-EBAD-4A46-ACB5-1DFB6DE566FC}.Release|x86.ActiveCfg = Release|Any CPU
		{A07355D2-EBAD-4A46-ACB5-1DFB6DE566FC}.Release|x86.Build.0 = Release|Any CPU
	EndGlobalSection
	GlobalSection(SolutionProperties) = preSolution
		HideSolutionNode = FALSE
	EndGlobalSection
	GlobalSection(NestedProjects) = preSolution
		{066064F0-DD06-4361-BBDC-5690981ECD80} = {827E0CD3-B72D-47B6-A68D-7590B98EB39B}
		{A5127075-8AC4-4D6F-93AB-65AEFEC21933} = {827E0CD3-B72D-47B6-A68D-7590B98EB39B}
		{D78B1F27-DB2F-44F8-9224-09D58BFE4ADD} = {827E0CD3-B72D-47B6-A68D-7590B98EB39B}
		{FBE4224C-6934-41B9-9E5C-E651BEAEE10C} = {827E0CD3-B72D-47B6-A68D-7590B98EB39B}
		{EA941789-EAEF-448B-8963-BC8D47E1CED6} = {827E0CD3-B72D-47B6-A68D-7590B98EB39B}
		{A07355D2-EBAD-4A46-ACB5-1DFB6DE566FC} = {827E0CD3-B72D-47B6-A68D-7590B98EB39B}
		{5C2E8B1A-7D4F-4E3B-9A61-2F0B8C7D4E91} = {827E0CD3-B72D-47B6-A68D-7590B98EB39B}
	EndGlobalSection
EndGlobal
